
Microsoft Visual Studio Solution File, Format Version 12.00
# Visual Studio Version 17
VisualStudioVersion = 17.9.34701.34
MinimumVisualStudioVersion = 10.0.40219.1
Project("{FAE04EC0-301F-11D3-BF4B-00C04F79EFBC}") = "UtvecklareTest", "UtvecklareTest\UtvecklareTest.csproj", "{E4B76118-9B7C-4DD3-B5E3-AF99E15EFE36}"
EndProject
Global
	GlobalSection(SolutionConfigurationPlatforms) = preSolution
		Debug|Any CPU = Debug|Any CPU
		Release|Any CPU = Release|Any CPU
	EndGlobalSection
	GlobalSection(ProjectConfigurationPlatforms) = postSolution
		{E4B76118-9B7C-4DD3-B5E3-AF99E15EFE36}.Debug|Any CPU.ActiveCfg = Debug|Any CPU
		{E4B76118-9B7C-4DD3-B5E3-AF99E15EFE36}.Debug|Any CPU.Build.0 = Debug|Any CPU
		{E4B76118-9B7C-4DD3-B5E3-AF99E15EFE36}.Release|Any CPU.ActiveCfg = Release|Any CPU
		{E4B76118-9B7C-4DD3-B5E3-AF99E15EFE36}.Release|Any CPU.Build.0 = Release|Any CPU
	EndGlobalSection
	GlobalSection(SolutionProperties) = preSolution
		HideSolutionNode = FALSE
	EndGlobalSection
	GlobalSection(ExtensibilityGlobals) = postSolution
		SolutionGuid = {0A289E59-6186-4921-BBC5-54E9E7046F1B}
	EndGlobalSection
EndGlobal
